// !$*UTF8*$!
{
	archiveVersion = 1;
	classes = {
	};
	objectVersion = 55;
	objects = {

/* Begin PBXBuildFile section */
		7466E14728D66284005B0827 /* iOS_Uni_InstagramApp.swift in Sources */ = {isa = PBXBuildFile; fileRef = 7466E14628D66284005B0827 /* iOS_Uni_InstagramApp.swift */; };
		7466E14928D66284005B0827 /* ContentView.swift in Sources */ = {isa = PBXBuildFile; fileRef = 7466E14828D66284005B0827 /* ContentView.swift */; };
		7466E14B28D66285005B0827 /* Assets.xcassets in Resources */ = {isa = PBXBuildFile; fileRef = 7466E14A28D66285005B0827 /* Assets.xcassets */; };
		7466E14E28D66285005B0827 /* Preview Assets.xcassets in Resources */ = {isa = PBXBuildFile; fileRef = 7466E14D28D66285005B0827 /* Preview Assets.xcassets */; };
		7466E15828D66456005B0827 /* HomeFeedView.swift in Sources */ = {isa = PBXBuildFile; fileRef = 7466E15728D66456005B0827 /* HomeFeedView.swift */; };
		7466E15A28D6649A005B0827 /* ExploreView.swift in Sources */ = {isa = PBXBuildFile; fileRef = 7466E15928D6649A005B0827 /* ExploreView.swift */; };
		7466E15C28D664AD005B0827 /* CameraView.swift in Sources */ = {isa = PBXBuildFile; fileRef = 7466E15B28D664AD005B0827 /* CameraView.swift */; };
		7466E15E28D664BA005B0827 /* NotificationsView.swift in Sources */ = {isa = PBXBuildFile; fileRef = 7466E15D28D664BA005B0827 /* NotificationsView.swift */; };
		7466E16028D664C7005B0827 /* ProfileView.swift in Sources */ = {isa = PBXBuildFile; fileRef = 7466E15F28D664C7005B0827 /* ProfileView.swift */; };
		74829E5628D8A2AD00400D2D /* StoryView.swift in Sources */ = {isa = PBXBuildFile; fileRef = 74829E5528D8A2AD00400D2D /* StoryView.swift */; };
		74829E5928D8A42100400D2D /* StoriesView.swift in Sources */ = {isa = PBXBuildFile; fileRef = 74829E5828D8A42100400D2D /* StoriesView.swift */; };
		74829E5B28D8A78400400D2D /* PostView.swift in Sources */ = {isa = PBXBuildFile; fileRef = 74829E5A28D8A78400400D2D /* PostView.swift */; };
		74829E5E28D8AB4200400D2D /* ProfileInfo.swift in Sources */ = {isa = PBXBuildFile; fileRef = 74829E5D28D8AB4200400D2D /* ProfileInfo.swift */; };
/* End PBXBuildFile section */

/* Begin PBXFileReference section */
		7466E14328D66284005B0827 /* iOS-Uni-Instagram.app */ = {isa = PBXFileReference; explicitFileType = wrapper.application; includeInIndex = 0; path = "iOS-Uni-Instagram.app"; sourceTree = BUILT_PRODUCTS_DIR; };
		7466E14628D66284005B0827 /* iOS_Uni_InstagramApp.swift */ = {isa = PBXFileReference; lastKnownFileType = sourcecode.swift; path = iOS_Uni_InstagramApp.swift; sourceTree = "<group>"; };
		7466E14828D66284005B0827 /* ContentView.swift */ = {isa = PBXFileReference; lastKnownFileType = sourcecode.swift; path = ContentView.swift; sourceTree = "<group>"; };
		7466E14A28D66285005B0827 /* Assets.xcassets */ = {isa = PBXFileReference; lastKnownFileType = folder.assetcatalog; path = Assets.xcassets; sourceTree = "<group>"; };
		7466E14D28D66285005B0827 /* Preview Assets.xcassets */ = {isa = PBXFileReference; lastKnownFileType = folder.assetcatalog; path = "Preview Assets.xcassets"; sourceTree = "<group>"; };
		7466E15728D66456005B0827 /* HomeFeedView.swift */ = {isa = PBXFileReference; lastKnownFileType = sourcecode.swift; path = HomeFeedView.swift; sourceTree = "<group>"; };
		7466E15928D6649A005B0827 /* ExploreView.swift */ = {isa = PBXFileReference; lastKnownFileType = sourcecode.swift; path = ExploreView.swift; sourceTree = "<group>"; };
		7466E15B28D664AD005B0827 /* CameraView.swift */ = {isa = PBXFileReference; lastKnownFileType = sourcecode.swift; path = CameraView.swift; sourceTree = "<group>"; };
		7466E15D28D664BA005B0827 /* NotificationsView.swift */ = {isa = PBXFileReference; lastKnownFileType = sourcecode.swift; path = NotificationsView.swift; sourceTree = "<group>"; };
		7466E15F28D664C7005B0827 /* ProfileView.swift */ = {isa = PBXFileReference; lastKnownFileType = sourcecode.swift; path = ProfileView.swift; sourceTree = "<group>"; };
		74829E5528D8A2AD00400D2D /* StoryView.swift */ = {isa = PBXFileReference; lastKnownFileType = sourcecode.swift; path = StoryView.swift; sourceTree = "<group>"; };
		74829E5828D8A42100400D2D /* StoriesView.swift */ = {isa = PBXFileReference; lastKnownFileType = sourcecode.swift; path = StoriesView.swift; sourceTree = "<group>"; };
		74829E5A28D8A78400400D2D /* PostView.swift */ = {isa = PBXFileReference; lastKnownFileType = sourcecode.swift; path = PostView.swift; sourceTree = "<group>"; };
		74829E5D28D8AB4200400D2D /* ProfileInfo.swift */ = {isa = PBXFileReference; lastKnownFileType = sourcecode.swift; path = ProfileInfo.swift; sourceTree = "<group>"; };
		74F1C94F28D66BE8008E2BBF /* Info.plist */ = {isa = PBXFileReference; lastKnownFileType = text.plist; path = Info.plist; sourceTree = "<group>"; };
/* End PBXFileReference section */

/* Begin PBXFrameworksBuildPhase section */
		7466E14028D66284005B0827 /* Frameworks */ = {
			isa = PBXFrameworksBuildPhase;
			buildActionMask = 2147483647;
			files = (
			);
			runOnlyForDeploymentPostprocessing = 0;
		};
/* End PBXFrameworksBuildPhase section */

/* Begin PBXGroup section */
		7466E13A28D66284005B0827 = {
			isa = PBXGroup;
			children = (
				7466E14528D66284005B0827 /* iOS-Uni-Instagram */,
				7466E14428D66284005B0827 /* Products */,
			);
			sourceTree = "<group>";
		};
		7466E14428D66284005B0827 /* Products */ = {
			isa = PBXGroup;
			children = (
				7466E14328D66284005B0827 /* iOS-Uni-Instagram.app */,
			);
			name = Products;
			sourceTree = "<group>";
		};
		7466E14528D66284005B0827 /* iOS-Uni-Instagram */ = {
			isa = PBXGroup;
			children = (
				74F1C94F28D66BE8008E2BBF /* Info.plist */,
				7466E15428D66403005B0827 /* Views */,
				7466E14628D66284005B0827 /* iOS_Uni_InstagramApp.swift */,
				7466E14828D66284005B0827 /* ContentView.swift */,
				7466E14A28D66285005B0827 /* Assets.xcassets */,
				7466E14C28D66285005B0827 /* Preview Content */,
			);
			path = "iOS-Uni-Instagram";
			sourceTree = "<group>";
		};
		7466E14C28D66285005B0827 /* Preview Content */ = {
			isa = PBXGroup;
			children = (
				7466E14D28D66285005B0827 /* Preview Assets.xcassets */,
			);
			path = "Preview Content";
			sourceTree = "<group>";
		};
		7466E15428D66403005B0827 /* Views */ = {
			isa = PBXGroup;
			children = (
				74829E5C28D8AB1900400D2D /* PostView */,
				74829E5728D8A40100400D2D /* StoriesView */,
				7466E15728D66456005B0827 /* HomeFeedView.swift */,
				7466E15928D6649A005B0827 /* ExploreView.swift */,
				7466E15B28D664AD005B0827 /* CameraView.swift */,
				7466E15D28D664BA005B0827 /* NotificationsView.swift */,
				7466E15F28D664C7005B0827 /* ProfileView.swift */,
			);
			path = Views;
			sourceTree = "<group>";
		};
		74829E5728D8A40100400D2D /* StoriesView */ = {
			isa = PBXGroup;
			children = (
				74829E5528D8A2AD00400D2D /* StoryView.swift */,
				74829E5828D8A42100400D2D /* StoriesView.swift */,
			);
			path = StoriesView;
			sourceTree = "<group>";
		};
		74829E5C28D8AB1900400D2D /* PostView */ = {
			isa = PBXGroup;
			children = (
				74829E5A28D8A78400400D2D /* PostView.swift */,
				74829E5D28D8AB4200400D2D /* ProfileInfo.swift */,
			);
			path = PostView;
			sourceTree = "<group>";
		};
/* End PBXGroup section */

/* Begin PBXNativeTarget section */
		7466E14228D66284005B0827 /* iOS-Uni-Instagram */ = {
			isa = PBXNativeTarget;
			buildConfigurationList = 7466E15128D66285005B0827 /* Build configuration list for PBXNativeTarget "iOS-Uni-Instagram" */;
			buildPhases = (
				7466E13F28D66284005B0827 /* Sources */,
				7466E14028D66284005B0827 /* Frameworks */,
				7466E14128D66284005B0827 /* Resources */,
			);
			buildRules = (
			);
			dependencies = (
			);
			name = "iOS-Uni-Instagram";
			productName = "iOS-Uni-Instagram";
			productReference = 7466E14328D66284005B0827 /* iOS-Uni-Instagram.app */;
			productType = "com.apple.product-type.application";
		};
/* End PBXNativeTarget section */

/* Begin PBXProject section */
		7466E13B28D66284005B0827 /* Project object */ = {
			isa = PBXProject;
			attributes = {
				BuildIndependentTargetsInParallel = 1;
				LastSwiftUpdateCheck = 1340;
				LastUpgradeCheck = 1340;
				TargetAttributes = {
					7466E14228D66284005B0827 = {
						CreatedOnToolsVersion = 13.4.1;
					};
				};
			};
			buildConfigurationList = 7466E13E28D66284005B0827 /* Build configuration list for PBXProject "iOS-Uni-Instagram" */;
			compatibilityVersion = "Xcode 13.0";
			developmentRegion = en;
			hasScannedForEncodings = 0;
			knownRegions = (
				en,
				Base,
			);
			mainGroup = 7466E13A28D66284005B0827;
			productRefGroup = 7466E14428D66284005B0827 /* Products */;
			projectDirPath = "";
			projectRoot = "";
			targets = (
				7466E14228D66284005B0827 /* iOS-Uni-Instagram */,
			);
		};
/* End PBXProject section */

/* Begin PBXResourcesBuildPhase section */
		7466E14128D66284005B0827 /* Resources */ = {
			isa = PBXResourcesBuildPhase;
			buildActionMask = 2147483647;
			files = (
				7466E14E28D66285005B0827 /* Preview Assets.xcassets in Resources */,
				7466E14B28D66285005B0827 /* Assets.xcassets in Resources */,
			);
			runOnlyForDeploymentPostprocessing = 0;
		};
/* End PBXResourcesBuildPhase section */

/* Begin PBXSourcesBuildPhase section */
		7466E13F28D66284005B0827 /* Sources */ = {
			isa = PBXSourcesBuildPhase;
			buildActionMask = 2147483647;
			files = (
				74829E5628D8A2AD00400D2D /* StoryView.swift in Sources */,
				74829E5E28D8AB4200400D2D /* ProfileInfo.swift in Sources */,
				7466E14928D66284005B0827 /* ContentView.swift in Sources */,
				74829E5928D8A42100400D2D /* StoriesView.swift in Sources */,
				7466E14728D66284005B0827 /* iOS_Uni_InstagramApp.swift in Sources */,
				7466E15A28D6649A005B0827 /* ExploreView.swift in Sources */,
				7466E15C28D664AD005B0827 /* CameraView.swift in Sources */,
				7466E15828D66456005B0827 /* HomeFeedView.swift in Sources */,
				7466E16028D664C7005B0827 /* ProfileView.swift in Sources */,
				74829E5B28D8A78400400D2D /* PostView.swift in Sources */,
				7466E15E28D664BA005B0827 /* NotificationsView.swift in Sources */,
			);
			runOnlyForDeploymentPostprocessing = 0;
		};
/* End PBXSourcesBuildPhase section */

/* Begin XCBuildConfiguration section */
		7466E14F28D66285005B0827 /* Debug */ = {
			isa = XCBuildConfiguration;
			buildSettings = {
				ALWAYS_SEARCH_USER_PATHS = NO;
				CLANG_ANALYZER_NONNULL = YES;
				CLANG_ANALYZER_NUMBER_OBJECT_CONVERSION = YES_AGGRESSIVE;
				CLANG_CXX_LANGUAGE_STANDARD = "gnu++17";
				CLANG_ENABLE_MODULES = YES;
				CLANG_ENABLE_OBJC_ARC = YES;
				CLANG_ENABLE_OBJC_WEAK = YES;
				CLANG_WARN_BLOCK_CAPTURE_AUTORELEASING = YES;
				CLANG_WARN_BOOL_CONVERSION = YES;
				CLANG_WARN_COMMA = YES;
				CLANG_WARN_CONSTANT_CONVERSION = YES;
				CLANG_WARN_DEPRECATED_OBJC_IMPLEMENTATIONS = YES;
				CLANG_WARN_DIRECT_OBJC_ISA_USAGE = YES_ERROR;
				CLANG_WARN_DOCUMENTATION_COMMENTS = YES;
				CLANG_WARN_EMPTY_BODY = YES;
				CLANG_WARN_ENUM_CONVERSION = YES;
				CLANG_WARN_INFINITE_RECURSION = YES;
				CLANG_WARN_INT_CONVERSION = YES;
				CLANG_WARN_NON_LITERAL_NULL_CONVERSION = YES;
				CLANG_WARN_OBJC_IMPLICIT_RETAIN_SELF = YES;
				CLANG_WARN_OBJC_LITERAL_CONVERSION = YES;
				CLANG_WARN_OBJC_ROOT_CLASS = YES_ERROR;
				CLANG_WARN_QUOTED_INCLUDE_IN_FRAMEWORK_HEADER = YES;
				CLANG_WARN_RANGE_LOOP_ANALYSIS = YES;
				CLANG_WARN_STRICT_PROTOTYPES = YES;
				CLANG_WARN_SUSPICIOUS_MOVE = YES;
				CLANG_WARN_UNGUARDED_AVAILABILITY = YES_AGGRESSIVE;
				CLANG_WARN_UNREACHABLE_CODE = YES;
				CLANG_WARN__DUPLICATE_METHOD_MATCH = YES;
				COPY_PHASE_STRIP = NO;
				DEBUG_INFORMATION_FORMAT = dwarf;
				ENABLE_STRICT_OBJC_MSGSEND = YES;
				ENABLE_TESTABILITY = YES;
				GCC_C_LANGUAGE_STANDARD = gnu11;
				GCC_DYNAMIC_NO_PIC = NO;
				GCC_NO_COMMON_BLOCKS = YES;
				GCC_OPTIMIZATION_LEVEL = 0;
				GCC_PREPROCESSOR_DEFINITIONS = (
					"DEBUG=1",
					"$(inherited)",
				);
				GCC_WARN_64_TO_32_BIT_CONVERSION = YES;
				GCC_WARN_ABOUT_RETURN_TYPE = YES_ERROR;
				GCC_WARN_UNDECLARED_SELECTOR = YES;
				GCC_WARN_UNINITIALIZED_AUTOS = YES_AGGRESSIVE;
				GCC_WARN_UNUSED_FUNCTION = YES;
				GCC_WARN_UNUSED_VARIABLE = YES;
				IPHONEOS_DEPLOYMENT_TARGET = 15.5;
				MTL_ENABLE_DEBUG_INFO = INCLUDE_SOURCE;
				MTL_FAST_MATH = YES;
				ONLY_ACTIVE_ARCH = YES;
				SDKROOT = iphoneos;
				SWIFT_ACTIVE_COMPILATION_CONDITIONS = DEBUG;
				SWIFT_OPTIMIZATION_LEVEL = "-Onone";
			};
			name = Debug;
		};
		7466E15028D66285005B0827 /* Release */ = {
			isa = XCBuildConfiguration;
			buildSettings = {
				ALWAYS_SEARCH_USER_PATHS = NO;
				CLANG_ANALYZER_NONNULL = YES;
				CLANG_ANALYZER_NUMBER_OBJECT_CONVERSION = YES_AGGRESSIVE;
				CLANG_CXX_LANGUAGE_STANDARD = "gnu++17";
				CLANG_ENABLE_MODULES = YES;
				CLANG_ENABLE_OBJC_ARC = YES;
				CLANG_ENABLE_OBJC_WEAK = YES;
				CLANG_WARN_BLOCK_CAPTURE_AUTORELEASING = YES;
				CLANG_WARN_BOOL_CONVERSION = YES;
				CLANG_WARN_COMMA = YES;
				CLANG_WARN_CONSTANT_CONVERSION = YES;
				CLANG_WARN_DEPRECATED_OBJC_IMPLEMENTATIONS = YES;
				CLANG_WARN_DIRECT_OBJC_ISA_USAGE = YES_ERROR;
				CLANG_WARN_DOCUMENTATION_COMMENTS = YES;
				CLANG_WARN_EMPTY_BODY = YES;
				CLANG_WARN_ENUM_CONVERSION = YES;
				CLANG_WARN_INFINITE_RECURSION = YES;
				CLANG_WARN_INT_CONVERSION = YES;
				CLANG_WARN_NON_LITERAL_NULL_CONVERSION = YES;
				CLANG_WARN_OBJC_IMPLICIT_RETAIN_SELF = YES;
				CLANG_WARN_OBJC_LITERAL_CONVERSION = YES;
				CLANG_WARN_OBJC_ROOT_CLASS = YES_ERROR;
				CLANG_WARN_QUOTED_INCLUDE_IN_FRAMEWORK_HEADER = YES;
				CLANG_WARN_RANGE_LOOP_ANALYSIS = YES;
				CLANG_WARN_STRICT_PROTOTYPES = YES;
				CLANG_WARN_SUSPICIOUS_MOVE = YES;
				CLANG_WARN_UNGUARDED_AVAILABILITY = YES_AGGRESSIVE;
				CLANG_WARN_UNREACHABLE_CODE = YES;
				CLANG_WARN__DUPLICATE_METHOD_MATCH = YES;
				COPY_PHASE_STRIP = NO;
				DEBUG_INFORMATION_FORMAT = "dwarf-with-dsym";
				ENABLE_NS_ASSERTIONS = NO;
				ENABLE_STRICT_OBJC_MSGSEND = YES;
				GCC_C_LANGUAGE_STANDARD = gnu11;
				GCC_NO_COMMON_BLOCKS = YES;
				GCC_WARN_64_TO_32_BIT_CONVERSION = YES;
				GCC_WARN_ABOUT_RETURN_TYPE = YES_ERROR;
				GCC_WARN_UNDECLARED_SELECTOR = YES;
				GCC_WARN_UNINITIALIZED_AUTOS = YES_AGGRESSIVE;
				GCC_WARN_UNUSED_FUNCTION = YES;
				GCC_WARN_UNUSED_VARIABLE = YES;
				IPHONEOS_DEPLOYMENT_TARGET = 15.5;
				MTL_ENABLE_DEBUG_INFO = NO;
				MTL_FAST_MATH = YES;
				SDKROOT = iphoneos;
				SWIFT_COMPILATION_MODE = wholemodule;
				SWIFT_OPTIMIZATION_LEVEL = "-O";
				VALIDATE_PRODUCT = YES;
			};
			name = Release;
		};
		7466E15228D66285005B0827 /* Debug */ = {
			isa = XCBuildConfiguration;
			buildSettings = {
				ASSETCATALOG_COMPILER_APPICON_NAME = AppIcon;
				ASSETCATALOG_COMPILER_GLOBAL_ACCENT_COLOR_NAME = AccentColor;
				CODE_SIGN_STYLE = Automatic;
				CURRENT_PROJECT_VERSION = 1;
				DEVELOPMENT_ASSET_PATHS = "\"iOS-Uni-Instagram/Preview Content\"";
				ENABLE_PREVIEWS = YES;
				GENERATE_INFOPLIST_FILE = YES;
				INFOPLIST_FILE = "iOS-Uni-Instagram/Info.plist";
				INFOPLIST_KEY_NSCameraUsageDescription = "Please allow access to take a photo.";
				INFOPLIST_KEY_NSPhotoLibraryUsageDescription = "Please allow access to access a photo.";
				INFOPLIST_KEY_UIApplicationSceneManifest_Generation = YES;
				INFOPLIST_KEY_UIApplicationSupportsIndirectInputEvents = YES;
				INFOPLIST_KEY_UILaunchScreen_Generation = YES;
				INFOPLIST_KEY_UISupportedInterfaceOrientations_iPad = "UIInterfaceOrientationPortrait UIInterfaceOrientationPortraitUpsideDown UIInterfaceOrientationLandscapeLeft UIInterfaceOrientationLandscapeRight";
				INFOPLIST_KEY_UISupportedInterfaceOrientations_iPhone = "UIInterfaceOrientationPortrait UIInterfaceOrientationLandscapeLeft UIInterfaceOrientationLandscapeRight";
				LD_RUNPATH_SEARCH_PATHS = (
					"$(inherited)",
					"@executable_path/Frameworks",
				);
				MARKETING_VERSION = 1.0;
				PRODUCT_BUNDLE_IDENTIFIER = "com.blargh.iOS-Uni-Instagram";
				PRODUCT_NAME = "$(TARGET_NAME)";
				SWIFT_EMIT_LOC_STRINGS = YES;
				SWIFT_VERSION = 5.0;
				TARGETED_DEVICE_FAMILY = "1,2";
			};
			name = Debug;
		};
		7466E15328D66285005B0827 /* Release */ = {
			isa = XCBuildConfiguration;
			buildSettings = {
				ASSETCATALOG_COMPILER_APPICON_NAME = AppIcon;
				ASSETCATALOG_COMPILER_GLOBAL_ACCENT_COLOR_NAME = AccentColor;
				CODE_SIGN_STYLE = Automatic;
				CURRENT_PROJECT_VERSION = 1;
				DEVELOPMENT_ASSET_PATHS = "\"iOS-Uni-Instagram/Preview Content\"";
				ENABLE_PREVIEWS = YES;
				GENERATE_INFOPLIST_FILE = YES;
				INFOPLIST_FILE = "iOS-Uni-Instagram/Info.plist";
				INFOPLIST_KEY_NSCameraUsageDescription = "Please allow access to take a photo.";
				INFOPLIST_KEY_NSPhotoLibraryUsageDescription = "Please allow access to access a photo.";
				INFOPLIST_KEY_UIApplicationSceneManifest_Generation = YES;
				INFOPLIST_KEY_UIApplicationSupportsIndirectInputEvents = YES;
				INFOPLIST_KEY_UILaunchScreen_Generation = YES;
				INFOPLIST_KEY_UISupportedInterfaceOrientations_iPad = "UIInterfaceOrientationPortrait UIInterfaceOrientationPortraitUpsideDown UIInterfaceOrientationLandscapeLeft UIInterfaceOrientationLandscapeRight";
				INFOPLIST_KEY_UISupportedInterfaceOrientations_iPhone = "UIInterfaceOrientationPortrait UIInterfaceOrientationLandscapeLeft UIInterfaceOrientationLandscapeRight";
				LD_RUNPATH_SEARCH_PATHS = (
					"$(inherited)",
					"@executable_path/Frameworks",
				);
				MARKETING_VERSION = 1.0;
				PRODUCT_BUNDLE_IDENTIFIER = "com.blargh.iOS-Uni-Instagram";
				PRODUCT_NAME = "$(TARGET_NAME)";
				SWIFT_EMIT_LOC_STRINGS = YES;
				SWIFT_VERSION = 5.0;
				TARGETED_DEVICE_FAMILY = "1,2";
			};
			name = Release;
		};
/* End XCBuildConfiguration section */

/* Begin XCConfigurationList section */
		7466E13E28D66284005B0827 /* Build configuration list for PBXProject "iOS-Uni-Instagram" */ = {
			isa = XCConfigurationList;
			buildConfigurations = (
				7466E14F28D66285005B0827 /* Debug */,
				7466E15028D66285005B0827 /* Release */,
			);
			defaultConfigurationIsVisible = 0;
			defaultConfigurationName = Release;
		};
		7466E15128D66285005B0827 /* Build configuration list for PBXNativeTarget "iOS-Uni-Instagram" */ = {
			isa = XCConfigurationList;
			buildConfigurations = (
				7466E15228D66285005B0827 /* Debug */,
				7466E15328D66285005B0827 /* Release */,
			);
			defaultConfigurationIsVisible = 0;
			defaultConfigurationName = Release;
		};
/* End XCConfigurationList section */
	};
	rootObject = 7466E13B28D66284005B0827 /* Project object */;
}
